
Microsoft Visual Studio Solution File, Format Version 12.00
# Visual Studio Version 17
VisualStudioVersion = 17.9.34728.123
MinimumVisualStudioVersion = 10.0.40219.1
Project("{FAE04EC0-301F-11D3-BF4B-00C04F79EFBC}") = "RemoteDeck", "RemoteDeck\RemoteDeck.csproj", "{8C71A3D2-D79E-4107-8E16-1A5E20CD9157}"
EndProject
Global
	GlobalSection(SolutionConfigurationPlatforms) = preSolution
		Debug|Any CPU = Debug|Any CPU
		Release|Any CPU = Release|Any CPU
	EndGlobalSection
	GlobalSection(ProjectConfigurationPlatforms) = postSolution
		{8C71A3D2-D79E-4107-8E16-1A5E20CD9157}.Debug|Any CPU.ActiveCfg = Debug|Any CPU
		{8C71A3D2-D79E-4107-8E16-1A5E20CD9157}.Debug|Any CPU.Build.0 = Debug|Any CPU
		{8C71A3D2-D79E-4107-8E16-1A5E20CD9157}.Release|Any CPU.ActiveCfg = Release|Any CPU
		{8C71A3D2-D79E-4107-8E16-1A5E20CD9157}.Release|Any CPU.Build.0 = Release|Any CPU
	EndGlobalSection
	GlobalSection(SolutionProperties) = preSolution
		HideSolutionNode = FALSE
	EndGlobalSection
	GlobalSection(ExtensibilityGlobals) = postSolution
		SolutionGuid = {E79BA7AC-0BFB-4494-A635-D13D17B193D0}
	EndGlobalSection
EndGlobal
